
Microsoft Visual Studio Solution File, Format Version 12.00
# Visual Studio Version 16
VisualStudioVersion = 16.0.30611.23
MinimumVisualStudioVersion = 10.0.40219.1
Project("{FAE04EC0-301F-11D3-BF4B-00C04F79EFBC}") = "Ana_Beatrice_Lab2", "Ana_Beatrice_Lab2.csproj", "{DD6280D0-9CCC-4384-8D60-5742FC91C0B2}"
EndProject
Global
	GlobalSection(SolutionConfigurationPlatforms) = preSolution
		Debug|Any CPU = Debug|Any CPU
		Release|Any CPU = Release|Any CPU
	EndGlobalSection
	GlobalSection(ProjectConfigurationPlatforms) = postSolution
		{DD6280D0-9CCC-4384-8D60-5742FC91C0B2}.Debug|Any CPU.ActiveCfg = Debug|Any CPU
		{DD6280D0-9CCC-4384-8D60-5742FC91C0B2}.Debug|Any CPU.Build.0 = Debug|Any CPU
		{DD6280D0-9CCC-4384-8D60-5742FC91C0B2}.Release|Any CPU.ActiveCfg = Release|Any CPU
		{DD6280D0-9CCC-4384-8D60-5742FC91C0B2}.Release|Any CPU.Build.0 = Release|Any CPU
	EndGlobalSection
	GlobalSection(SolutionProperties) = preSolution
		HideSolutionNode = FALSE
	EndGlobalSection
	GlobalSection(ExtensibilityGlobals) = postSolution
		SolutionGuid = {FC6C3762-75ED-412B-8FD0-6114A89EB54A}
	EndGlobalSection
EndGlobal
